// !$*UTF8*$!
{
	archiveVersion = 1;
	classes = {
	};
	objectVersion = 50;
	objects = {

/* Begin PBXBuildFile section */
		84756345254F13DC004F66BC /* AppDelegate.swift in Sources */ = {isa = PBXBuildFile; fileRef = 84756344254F13DC004F66BC /* AppDelegate.swift */; };
		84756347254F13DC004F66BC /* SceneDelegate.swift in Sources */ = {isa = PBXBuildFile; fileRef = 84756346254F13DC004F66BC /* SceneDelegate.swift */; };
		84756349254F13DC004F66BC /* ContentView.swift in Sources */ = {isa = PBXBuildFile; fileRef = 84756348254F13DC004F66BC /* ContentView.swift */; };
		8475634B254F13E0004F66BC /* Assets.xcassets in Resources */ = {isa = PBXBuildFile; fileRef = 8475634A254F13E0004F66BC /* Assets.xcassets */; };
		8475634E254F13E0004F66BC /* Preview Assets.xcassets in Resources */ = {isa = PBXBuildFile; fileRef = 8475634D254F13E0004F66BC /* Preview Assets.xcassets */; };
		84756351254F13E0004F66BC /* LaunchScreen.storyboard in Resources */ = {isa = PBXBuildFile; fileRef = 8475634F254F13E0004F66BC /* LaunchScreen.storyboard */; };
		8475635A254F140E004F66BC /* WorkoutTracker.swift in Sources */ = {isa = PBXBuildFile; fileRef = 84756359254F140E004F66BC /* WorkoutTracker.swift */; };
		8475635E254F142F004F66BC /* HeartRateGraphView.swift in Sources */ = {isa = PBXBuildFile; fileRef = 8475635D254F142F004F66BC /* HeartRateGraphView.swift */; };
		847C427F2552BDC400939FB6 /* HeartRateGraphData.swift in Sources */ = {isa = PBXBuildFile; fileRef = 847C427E2552BDC400939FB6 /* HeartRateGraphData.swift */; };
		847C42822552BDFA00939FB6 /* HeartRateGraphPlotShape.swift in Sources */ = {isa = PBXBuildFile; fileRef = 847C42812552BDFA00939FB6 /* HeartRateGraphPlotShape.swift */; };
		847C42862552BE5200939FB6 /* PlotHVLines.swift in Sources */ = {isa = PBXBuildFile; fileRef = 847C42852552BE5200939FB6 /* PlotHVLines.swift */; };
		847C42892552BEA100939FB6 /* GraphBackgroundSegment.swift in Sources */ = {isa = PBXBuildFile; fileRef = 847C42882552BEA100939FB6 /* GraphBackgroundSegment.swift */; };
/* End PBXBuildFile section */

/* Begin PBXFileReference section */
		84756341254F13DC004F66BC /* HeartRateGraphDemo.app */ = {isa = PBXFileReference; explicitFileType = wrapper.application; includeInIndex = 0; path = HeartRateGraphDemo.app; sourceTree = BUILT_PRODUCTS_DIR; };
		84756344254F13DC004F66BC /* AppDelegate.swift */ = {isa = PBXFileReference; lastKnownFileType = sourcecode.swift; path = AppDelegate.swift; sourceTree = "<group>"; };
		84756346254F13DC004F66BC /* SceneDelegate.swift */ = {isa = PBXFileReference; lastKnownFileType = sourcecode.swift; path = SceneDelegate.swift; sourceTree = "<group>"; };
		84756348254F13DC004F66BC /* ContentView.swift */ = {isa = PBXFileReference; lastKnownFileType = sourcecode.swift; path = ContentView.swift; sourceTree = "<group>"; };
		8475634A254F13E0004F66BC /* Assets.xcassets */ = {isa = PBXFileReference; lastKnownFileType = folder.assetcatalog; path = Assets.xcassets; sourceTree = "<group>"; };
		8475634D254F13E0004F66BC /* Preview Assets.xcassets */ = {isa = PBXFileReference; lastKnownFileType = folder.assetcatalog; path = "Preview Assets.xcassets"; sourceTree = "<group>"; };
		84756350254F13E0004F66BC /* Base */ = {isa = PBXFileReference; lastKnownFileType = file.storyboard; name = Base; path = Base.lproj/LaunchScreen.storyboard; sourceTree = "<group>"; };
		84756352254F13E0004F66BC /* Info.plist */ = {isa = PBXFileReference; lastKnownFileType = text.plist.xml; path = Info.plist; sourceTree = "<group>"; };
		84756359254F140E004F66BC /* WorkoutTracker.swift */ = {isa = PBXFileReference; lastKnownFileType = sourcecode.swift; path = WorkoutTracker.swift; sourceTree = "<group>"; };
		8475635D254F142F004F66BC /* HeartRateGraphView.swift */ = {isa = PBXFileReference; lastKnownFileType = sourcecode.swift; path = HeartRateGraphView.swift; sourceTree = "<group>"; };
		847C427E2552BDC400939FB6 /* HeartRateGraphData.swift */ = {isa = PBXFileReference; lastKnownFileType = sourcecode.swift; path = HeartRateGraphData.swift; sourceTree = "<group>"; };
		847C42812552BDFA00939FB6 /* HeartRateGraphPlotShape.swift */ = {isa = PBXFileReference; lastKnownFileType = sourcecode.swift; path = HeartRateGraphPlotShape.swift; sourceTree = "<group>"; };
		847C42852552BE5200939FB6 /* PlotHVLines.swift */ = {isa = PBXFileReference; lastKnownFileType = sourcecode.swift; path = PlotHVLines.swift; sourceTree = "<group>"; };
		847C42882552BEA100939FB6 /* GraphBackgroundSegment.swift */ = {isa = PBXFileReference; lastKnownFileType = sourcecode.swift; path = GraphBackgroundSegment.swift; sourceTree = "<group>"; };
/* End PBXFileReference section */

/* Begin PBXFrameworksBuildPhase section */
		8475633E254F13DB004F66BC /* Frameworks */ = {
			isa = PBXFrameworksBuildPhase;
			buildActionMask = 2147483647;
			files = (
			);
			runOnlyForDeploymentPostprocessing = 0;
		};
/* End PBXFrameworksBuildPhase section */

/* Begin PBXGroup section */
		84756338254F13DB004F66BC = {
			isa = PBXGroup;
			children = (
				84756343254F13DC004F66BC /* HeartRateGraphDemo */,
				84756342254F13DC004F66BC /* Products */,
			);
			sourceTree = "<group>";
		};
		84756342254F13DC004F66BC /* Products */ = {
			isa = PBXGroup;
			children = (
				84756341254F13DC004F66BC /* HeartRateGraphDemo.app */,
			);
			name = Products;
			sourceTree = "<group>";
		};
		84756343254F13DC004F66BC /* HeartRateGraphDemo */ = {
			isa = PBXGroup;
			children = (
				84756344254F13DC004F66BC /* AppDelegate.swift */,
				84756346254F13DC004F66BC /* SceneDelegate.swift */,
				84756348254F13DC004F66BC /* ContentView.swift */,
				84756359254F140E004F66BC /* WorkoutTracker.swift */,
				8475635D254F142F004F66BC /* HeartRateGraphView.swift */,
				847C42882552BEA100939FB6 /* GraphBackgroundSegment.swift */,
				847C42852552BE5200939FB6 /* PlotHVLines.swift */,
				847C42812552BDFA00939FB6 /* HeartRateGraphPlotShape.swift */,
				847C427E2552BDC400939FB6 /* HeartRateGraphData.swift */,
				8475634A254F13E0004F66BC /* Assets.xcassets */,
				8475634F254F13E0004F66BC /* LaunchScreen.storyboard */,
				84756352254F13E0004F66BC /* Info.plist */,
				8475634C254F13E0004F66BC /* Preview Content */,
			);
			path = HeartRateGraphDemo;
			sourceTree = "<group>";
		};
		8475634C254F13E0004F66BC /* Preview Content */ = {
			isa = PBXGroup;
			children = (
				8475634D254F13E0004F66BC /* Preview Assets.xcassets */,
			);
			path = "Preview Content";
			sourceTree = "<group>";
		};
/* End PBXGroup section */

/* Begin PBXNativeTarget section */
		84756340254F13DB004F66BC /* HeartRateGraphDemo */ = {
			isa = PBXNativeTarget;
			buildConfigurationList = 84756355254F13E0004F66BC /* Build configuration list for PBXNativeTarget "HeartRateGraphDemo" */;
			buildPhases = (
				8475633D254F13DB004F66BC /* Sources */,
				8475633E254F13DB004F66BC /* Frameworks */,
				8475633F254F13DB004F66BC /* Resources */,
			);
			buildRules = (
			);
			dependencies = (
			);
			name = HeartRateGraphDemo;
			productName = HeartRateGraphDemo;
			productReference = 84756341254F13DC004F66BC /* HeartRateGraphDemo.app */;
			productType = "com.apple.product-type.application";
		};
/* End PBXNativeTarget section */

/* Begin PBXProject section */
		84756339254F13DB004F66BC /* Project object */ = {
			isa = PBXProject;
			attributes = {
				LastSwiftUpdateCheck = 1210;
				LastUpgradeCheck = 1210;
				TargetAttributes = {
					84756340254F13DB004F66BC = {
						CreatedOnToolsVersion = 12.1;
					};
				};
			};
			buildConfigurationList = 8475633C254F13DB004F66BC /* Build configuration list for PBXProject "HeartRateGraphDemo" */;
			compatibilityVersion = "Xcode 9.3";
			developmentRegion = en;
			hasScannedForEncodings = 0;
			knownRegions = (
				en,
				Base,
			);
			mainGroup = 84756338254F13DB004F66BC;
			productRefGroup = 84756342254F13DC004F66BC /* Products */;
			projectDirPath = "";
			projectRoot = "";
			targets = (
				84756340254F13DB004F66BC /* HeartRateGraphDemo */,
			);
		};
/* End PBXProject section */

/* Begin PBXResourcesBuildPhase section */
		8475633F254F13DB004F66BC /* Resources */ = {
			isa = PBXResourcesBuildPhase;
			buildActionMask = 2147483647;
			files = (
				84756351254F13E0004F66BC /* LaunchScreen.storyboard in Resources */,
				8475634E254F13E0004F66BC /* Preview Assets.xcassets in Resources */,
				8475634B254F13E0004F66BC /* Assets.xcassets in Resources */,
			);
			runOnlyForDeploymentPostprocessing = 0;
		};
/* End PBXResourcesBuildPhase section */

/* Begin PBXSourcesBuildPhase section */
		8475633D254F13DB004F66BC /* Sources */ = {
			isa = PBXSourcesBuildPhase;
			buildActionMask = 2147483647;
			files = (
				84756345254F13DC004F66BC /* AppDelegate.swift in Sources */,
				847C42892552BEA100939FB6 /* GraphBackgroundSegment.swift in Sources */,
				847C42822552BDFA00939FB6 /* HeartRateGraphPlotShape.swift in Sources */,
				8475635E254F142F004F66BC /* HeartRateGraphView.swift in Sources */,
				84756347254F13DC004F66BC /* SceneDelegate.swift in Sources */,
				847C42862552BE5200939FB6 /* PlotHVLines.swift in Sources */,
				847C427F2552BDC400939FB6 /* HeartRateGraphData.swift in Sources */,
				8475635A254F140E004F66BC /* WorkoutTracker.swift in Sources */,
				84756349254F13DC004F66BC /* ContentView.swift in Sources */,
			);
			runOnlyForDeploymentPostprocessing = 0;
		};
/* End PBXSourcesBuildPhase section */

/* Begin PBXVariantGroup section */
		8475634F254F13E0004F66BC /* LaunchScreen.storyboard */ = {
			isa = PBXVariantGroup;
			children = (
				84756350254F13E0004F66BC /* Base */,
			);
			name = LaunchScreen.storyboard;
			sourceTree = "<group>";
		};
/* End PBXVariantGroup section */

/* Begin XCBuildConfiguration section */
		84756353254F13E0004F66BC /* Debug */ = {
			isa = XCBuildConfiguration;
			buildSettings = {
				ALWAYS_SEARCH_USER_PATHS = NO;
				CLANG_ANALYZER_NONNULL = YES;
				CLANG_ANALYZER_NUMBER_OBJECT_CONVERSION = YES_AGGRESSIVE;
				CLANG_CXX_LANGUAGE_STANDARD = "gnu++14";
				CLANG_CXX_LIBRARY = "libc++";
				CLANG_ENABLE_MODULES = YES;
				CLANG_ENABLE_OBJC_ARC = YES;
				CLANG_ENABLE_OBJC_WEAK = YES;
				CLANG_WARN_BLOCK_CAPTURE_AUTORELEASING = YES;
				CLANG_WARN_BOOL_CONVERSION = YES;
				CLANG_WARN_COMMA = YES;
				CLANG_WARN_CONSTANT_CONVERSION = YES;
				CLANG_WARN_DEPRECATED_OBJC_IMPLEMENTATIONS = YES;
				CLANG_WARN_DIRECT_OBJC_ISA_USAGE = YES_ERROR;
				CLANG_WARN_DOCUMENTATION_COMMENTS = YES;
				CLANG_WARN_EMPTY_BODY = YES;
				CLANG_WARN_ENUM_CONVERSION = YES;
				CLANG_WARN_INFINITE_RECURSION = YES;
				CLANG_WARN_INT_CONVERSION = YES;
				CLANG_WARN_NON_LITERAL_NULL_CONVERSION = YES;
				CLANG_WARN_OBJC_IMPLICIT_RETAIN_SELF = YES;
				CLANG_WARN_OBJC_LITERAL_CONVERSION = YES;
				CLANG_WARN_OBJC_ROOT_CLASS = YES_ERROR;
				CLANG_WARN_QUOTED_INCLUDE_IN_FRAMEWORK_HEADER = YES;
				CLANG_WARN_RANGE_LOOP_ANALYSIS = YES;
				CLANG_WARN_STRICT_PROTOTYPES = YES;
				CLANG_WARN_SUSPICIOUS_MOVE = YES;
				CLANG_WARN_UNGUARDED_AVAILABILITY = YES_AGGRESSIVE;
				CLANG_WARN_UNREACHABLE_CODE = YES;
				CLANG_WARN__DUPLICATE_METHOD_MATCH = YES;
				COPY_PHASE_STRIP = NO;
				DEBUG_INFORMATION_FORMAT = dwarf;
				ENABLE_STRICT_OBJC_MSGSEND = YES;
				ENABLE_TESTABILITY = YES;
				GCC_C_LANGUAGE_STANDARD = gnu11;
				GCC_DYNAMIC_NO_PIC = NO;
				GCC_NO_COMMON_BLOCKS = YES;
				GCC_OPTIMIZATION_LEVEL = 0;
				GCC_PREPROCESSOR_DEFINITIONS = (
					"DEBUG=1",
					"$(inherited)",
				);
				GCC_WARN_64_TO_32_BIT_CONVERSION = YES;
				GCC_WARN_ABOUT_RETURN_TYPE = YES_ERROR;
				GCC_WARN_UNDECLARED_SELECTOR = YES;
				GCC_WARN_UNINITIALIZED_AUTOS = YES_AGGRESSIVE;
				GCC_WARN_UNUSED_FUNCTION = YES;
				GCC_WARN_UNUSED_VARIABLE = YES;
				IPHONEOS_DEPLOYMENT_TARGET = 14.1;
				MTL_ENABLE_DEBUG_INFO = INCLUDE_SOURCE;
				MTL_FAST_MATH = YES;
				ONLY_ACTIVE_ARCH = YES;
				SDKROOT = iphoneos;
				SWIFT_ACTIVE_COMPILATION_CONDITIONS = DEBUG;
				SWIFT_OPTIMIZATION_LEVEL = "-Onone";
			};
			name = Debug;
		};
		84756354254F13E0004F66BC /* Release */ = {
			isa = XCBuildConfiguration;
			buildSettings = {
				ALWAYS_SEARCH_USER_PATHS = NO;
				CLANG_ANALYZER_NONNULL = YES;
				CLANG_ANALYZER_NUMBER_OBJECT_CONVERSION = YES_AGGRESSIVE;
				CLANG_CXX_LANGUAGE_STANDARD = "gnu++14";
				CLANG_CXX_LIBRARY = "libc++";
				CLANG_ENABLE_MODULES = YES;
				CLANG_ENABLE_OBJC_ARC = YES;
				CLANG_ENABLE_OBJC_WEAK = YES;
				CLANG_WARN_BLOCK_CAPTURE_AUTORELEASING = YES;
				CLANG_WARN_BOOL_CONVERSION = YES;
				CLANG_WARN_COMMA = YES;
				CLANG_WARN_CONSTANT_CONVERSION = YES;
				CLANG_WARN_DEPRECATED_OBJC_IMPLEMENTATIONS = YES;
				CLANG_WARN_DIRECT_OBJC_ISA_USAGE = YES_ERROR;
				CLANG_WARN_DOCUMENTATION_COMMENTS = YES;
				CLANG_WARN_EMPTY_BODY = YES;
				CLANG_WARN_ENUM_CONVERSION = YES;
				CLANG_WARN_INFINITE_RECURSION = YES;
				CLANG_WARN_INT_CONVERSION = YES;
				CLANG_WARN_NON_LITERAL_NULL_CONVERSION = YES;
				CLANG_WARN_OBJC_IMPLICIT_RETAIN_SELF = YES;
				CLANG_WARN_OBJC_LITERAL_CONVERSION = YES;
				CLANG_WARN_OBJC_ROOT_CLASS = YES_ERROR;
				CLANG_WARN_QUOTED_INCLUDE_IN_FRAMEWORK_HEADER = YES;
				CLANG_WARN_RANGE_LOOP_ANALYSIS = YES;
				CLANG_WARN_STRICT_PROTOTYPES = YES;
				CLANG_WARN_SUSPICIOUS_MOVE = YES;
				CLANG_WARN_UNGUARDED_AVAILABILITY = YES_AGGRESSIVE;
				CLANG_WARN_UNREACHABLE_CODE = YES;
				CLANG_WARN__DUPLICATE_METHOD_MATCH = YES;
				COPY_PHASE_STRIP = NO;
				DEBUG_INFORMATION_FORMAT = "dwarf-with-dsym";
				ENABLE_NS_ASSERTIONS = NO;
				ENABLE_STRICT_OBJC_MSGSEND = YES;
				GCC_C_LANGUAGE_STANDARD = gnu11;
				GCC_NO_COMMON_BLOCKS = YES;
				GCC_WARN_64_TO_32_BIT_CONVERSION = YES;
				GCC_WARN_ABOUT_RETURN_TYPE = YES_ERROR;
				GCC_WARN_UNDECLARED_SELECTOR = YES;
				GCC_WARN_UNINITIALIZED_AUTOS = YES_AGGRESSIVE;
				GCC_WARN_UNUSED_FUNCTION = YES;
				GCC_WARN_UNUSED_VARIABLE = YES;
				IPHONEOS_DEPLOYMENT_TARGET = 14.1;
				MTL_ENABLE_DEBUG_INFO = NO;
				MTL_FAST_MATH = YES;
				SDKROOT = iphoneos;
				SWIFT_COMPILATION_MODE = wholemodule;
				SWIFT_OPTIMIZATION_LEVEL = "-O";
				VALIDATE_PRODUCT = YES;
			};
			name = Release;
		};
		84756356254F13E0004F66BC /* Debug */ = {
			isa = XCBuildConfiguration;
			buildSettings = {
				ASSETCATALOG_COMPILER_APPICON_NAME = AppIcon;
				ASSETCATALOG_COMPILER_GLOBAL_ACCENT_COLOR_NAME = AccentColor;
				CODE_SIGN_STYLE = Automatic;
				DEVELOPMENT_ASSET_PATHS = "\"HeartRateGraphDemo/Preview Content\"";
				DEVELOPMENT_TEAM = CRMHYJ9F9F;
				ENABLE_PREVIEWS = YES;
				INFOPLIST_FILE = HeartRateGraphDemo/Info.plist;
				LD_RUNPATH_SEARCH_PATHS = (
					"$(inherited)",
					"@executable_path/Frameworks",
				);
				PRODUCT_BUNDLE_IDENTIFIER = com.joshuacook.HeartRateGraphDemo;
				PRODUCT_NAME = "$(TARGET_NAME)";
				SWIFT_VERSION = 5.0;
				TARGETED_DEVICE_FAMILY = "1,2";
			};
			name = Debug;
		};
		84756357254F13E0004F66BC /* Release */ = {
			isa = XCBuildConfiguration;
			buildSettings = {
				ASSETCATALOG_COMPILER_APPICON_NAME = AppIcon;
				ASSETCATALOG_COMPILER_GLOBAL_ACCENT_COLOR_NAME = AccentColor;
				CODE_SIGN_STYLE = Automatic;
				DEVELOPMENT_ASSET_PATHS = "\"HeartRateGraphDemo/Preview Content\"";
				DEVELOPMENT_TEAM = CRMHYJ9F9F;
				ENABLE_PREVIEWS = YES;
				INFOPLIST_FILE = HeartRateGraphDemo/Info.plist;
				LD_RUNPATH_SEARCH_PATHS = (
					"$(inherited)",
					"@executable_path/Frameworks",
				);
				PRODUCT_BUNDLE_IDENTIFIER = com.joshuacook.HeartRateGraphDemo;
				PRODUCT_NAME = "$(TARGET_NAME)";
				SWIFT_VERSION = 5.0;
				TARGETED_DEVICE_FAMILY = "1,2";
			};
			name = Release;
		};
/* End XCBuildConfiguration section */

/* Begin XCConfigurationList section */
		8475633C254F13DB004F66BC /* Build configuration list for PBXProject "HeartRateGraphDemo" */ = {
			isa = XCConfigurationList;
			buildConfigurations = (
				84756353254F13E0004F66BC /* Debug */,
				84756354254F13E0004F66BC /* Release */,
			);
			defaultConfigurationIsVisible = 0;
			defaultConfigurationName = Release;
		};
		84756355254F13E0004F66BC /* Build configuration list for PBXNativeTarget "HeartRateGraphDemo" */ = {
			isa = XCConfigurationList;
			buildConfigurations = (
				84756356254F13E0004F66BC /* Debug */,
				84756357254F13E0004F66BC /* Release */,
			);
			defaultConfigurationIsVisible = 0;
			defaultConfigurationName = Release;
		};
/* End XCConfigurationList section */
	};
	rootObject = 84756339254F13DB004F66BC /* Project object */;
}
